
Microsoft Visual Studio Solution File, Format Version 12.00
Project("{FAE04EC0-301F-11D3-BF4B-00C04F79EFBC}") = "FootballersTeam.Entities", "FootballersTeam.Entities\FootballersTeam.Entities.csproj", "{58921E0D-8939-48CC-862B-6F25A8AA4165}"
EndProject
Project("{FAE04EC0-301F-11D3-BF4B-00C04F79EFBC}") = "FootballersTeam.ConsoleClient", "FootballersTeam.ConsoleClient\FootballersTeam.ConsoleClient.csproj", "{8F5BA358-8489-4375-ACD8-362D3C8B915D}"
EndProject
Project("{FAE04EC0-301F-11D3-BF4B-00C04F79EFBC}") = "FootballersTeam.Dal.Abstract", "FootballersTeam.Dal.Abstract\FootballersTeam.Dal.Abstract.csproj", "{79C8473F-7596-46DF-99AA-B92DA40D719C}"
EndProject
Project("{FAE04EC0-301F-11D3-BF4B-00C04F79EFBC}") = "FootballersTeam.Dal.Impl", "FootballersTeam.Dal.Impl\FootballersTeam.Dal.Impl.csproj", "{979B488D-FF5A-43A1-95B7-AE0981C3FB6B}"
EndProject
Project("{FAE04EC0-301F-11D3-BF4B-00C04F79EFBC}") = "FootballersTeam.MvcClient", "FootballersTeam.MvcClient\FootballersTeam.MvcClient.csproj", "{5AB5BD67-93F6-4EF4-8E3B-6FA591E834E1}"
EndProject
Project("{FAE04EC0-301F-11D3-BF4B-00C04F79EFBC}") = "FootballersTeam.WebApi", "FootballersTeam.WebApi\FootballersTeam.WebApi.csproj", "{1AA06042-1194-4015-A25B-16EE0FF82AF8}"
EndProject
Global
	GlobalSection(SolutionConfigurationPlatforms) = preSolution
		Debug|Any CPU = Debug|Any CPU
		Release|Any CPU = Release|Any CPU
	EndGlobalSection
	GlobalSection(ProjectConfigurationPlatforms) = postSolution
		{58921E0D-8939-48CC-862B-6F25A8AA4165}.Debug|Any CPU.ActiveCfg = Debug|Any CPU
		{58921E0D-8939-48CC-862B-6F25A8AA4165}.Debug|Any CPU.Build.0 = Debug|Any CPU
		{58921E0D-8939-48CC-862B-6F25A8AA4165}.Release|Any CPU.ActiveCfg = Release|Any CPU
		{58921E0D-8939-48CC-862B-6F25A8AA4165}.Release|Any CPU.Build.0 = Release|Any CPU
		{8F5BA358-8489-4375-ACD8-362D3C8B915D}.Debug|Any CPU.ActiveCfg = Debug|Any CPU
		{8F5BA358-8489-4375-ACD8-362D3C8B915D}.Debug|Any CPU.Build.0 = Debug|Any CPU
		{8F5BA358-8489-4375-ACD8-362D3C8B915D}.Release|Any CPU.ActiveCfg = Release|Any CPU
		{8F5BA358-8489-4375-ACD8-362D3C8B915D}.Release|Any CPU.Build.0 = Release|Any CPU
		{79C8473F-7596-46DF-99AA-B92DA40D719C}.Debug|Any CPU.ActiveCfg = Debug|Any CPU
		{79C8473F-7596-46DF-99AA-B92DA40D719C}.Debug|Any CPU.Build.0 = Debug|Any CPU
		{79C8473F-7596-46DF-99AA-B92DA40D719C}.Release|Any CPU.ActiveCfg = Release|Any CPU
		{79C8473F-7596-46DF-99AA-B92DA40D719C}.Release|Any CPU.Build.0 = Release|Any CPU
		{979B488D-FF5A-43A1-95B7-AE0981C3FB6B}.Debug|Any CPU.ActiveCfg = Debug|Any CPU
		{979B488D-FF5A-43A1-95B7-AE0981C3FB6B}.Debug|Any CPU.Build.0 = Debug|Any CPU
		{979B488D-FF5A-43A1-95B7-AE0981C3FB6B}.Release|Any CPU.ActiveCfg = Release|Any CPU
		{979B488D-FF5A-43A1-95B7-AE0981C3FB6B}.Release|Any CPU.Build.0 = Release|Any CPU
		{5AB5BD67-93F6-4EF4-8E3B-6FA591E834E1}.Debug|Any CPU.ActiveCfg = Debug|Any CPU
		{5AB5BD67-93F6-4EF4-8E3B-6FA591E834E1}.Debug|Any CPU.Build.0 = Debug|Any CPU
		{5AB5BD67-93F6-4EF4-8E3B-6FA591E834E1}.Release|Any CPU.ActiveCfg = Release|Any CPU
		{5AB5BD67-93F6-4EF4-8E3B-6FA591E834E1}.Release|Any CPU.Build.0 = Release|Any CPU
		{1AA06042-1194-4015-A25B-16EE0FF82AF8}.Debug|Any CPU.ActiveCfg = Debug|Any CPU
		{1AA06042-1194-4015-A25B-16EE0FF82AF8}.Debug|Any CPU.Build.0 = Debug|Any CPU
		{1AA06042-1194-4015-A25B-16EE0FF82AF8}.Release|Any CPU.ActiveCfg = Release|Any CPU
		{1AA06042-1194-4015-A25B-16EE0FF82AF8}.Release|Any CPU.Build.0 = Release|Any CPU
	EndGlobalSection
EndGlobal
